lockfileVersion: '9.0'

settings:
  autoInstallPeers: true
  excludeLinksFromLockfile: false

importers:

  .:
    dependencies:
      stripe:
        specifier: latest
        version: 22.6.2
    devDependencies:
      '@electric-sql/pglite':
        specifier: 0.3.14
        version: 0.3.14

packages:

  '@electric-sql/pglite@0.3.14':
    resolution: {integrity: sha512-3DB258dhqdsArOI1fIt7cb9RpUOgcDg5hXWVgVHAeqVQ/qxtFy605QKs4gx6mFq3jWsSPqDN8TgSEsqC3OfV9Q==}

  stripe@22.6.2:
    resolution: {integrity: sha512-PwRE2scocvXqDKPiskMa5vRJEAEkq46W69XyUYmAwrNSLr675lQnfqLwnsndAWizwgihOWw/irLmoFRo3ez7ew==}
    engines: {node: '>=18'}
    peerDependencies:
      '@types/node': '>=18'
    peerDependenciesMeta:
      '@types/node':
        optional: true

snapshots:

  '@electric-sql/pglite@0.3.14': {}

  stripe@22.6.2: {}
